
Microsoft Visual Studio Solution File, Format Version 12.00
# Visual Studio Version 16
VisualStudioVersion = 16.0.31613.86
MinimumVisualStudioVersion = 10.0.40219.1
Project("{FAE04EC0-301F-11D3-BF4B-00C04F79EFBC}") = "Inicializacao", "Inicializacao\Inicializacao.csproj", "{97F885D7-4550-4D2B-80C6-995B89D6F346}"
EndProject
Global
	GlobalSection(SolutionConfigurationPlatforms) = preSolution
		Debug|Any CPU = Debug|Any CPU
		Release|Any CPU = Release|Any CPU
	EndGlobalSection
	GlobalSection(ProjectConfigurationPlatforms) = postSolution
		{97F885D7-4550-4D2B-80C6-995B89D6F346}.Debug|Any CPU.ActiveCfg = Debug|Any CPU
		{97F885D7-4550-4D2B-80C6-995B89D6F346}.Debug|Any CPU.Build.0 = Debug|Any CPU
		{97F885D7-4550-4D2B-80C6-995B89D6F346}.Release|Any CPU.ActiveCfg = Release|Any CPU
		{97F885D7-4550-4D2B-80C6-995B89D6F346}.Release|Any CPU.Build.0 = Release|Any CPU
	EndGlobalSection
	GlobalSection(SolutionProperties) = preSolution
		HideSolutionNode = FALSE
	EndGlobalSection
	GlobalSection(ExtensibilityGlobals) = postSolution
		SolutionGuid = {29E6BDF3-E545-40DD-BDD4-EA32987C86F0}
	EndGlobalSection
EndGlobal
