
Microsoft Visual Studio Solution File, Format Version 12.00
# Visual Studio Version 16
VisualStudioVersion = 16.0.31613.86
MinimumVisualStudioVersion = 10.0.40219.1
Project("{FAE04EC0-301F-11D3-BF4B-00C04F79EFBC}") = "Var", "Var.csproj", "{9C05DB25-0E6D-4308-9FCB-DD59ED465B96}"
EndProject
Global
	GlobalSection(SolutionConfigurationPlatforms) = preSolution
		Debug|Any CPU = Debug|Any CPU
		Release|Any CPU = Release|Any CPU
	EndGlobalSection
	GlobalSection(ProjectConfigurationPlatforms) = postSolution
		{9C05DB25-0E6D-4308-9FCB-DD59ED465B96}.Debug|Any CPU.ActiveCfg = Debug|Any CPU
		{9C05DB25-0E6D-4308-9FCB-DD59ED465B96}.Debug|Any CPU.Build.0 = Debug|Any CPU
		{9C05DB25-0E6D-4308-9FCB-DD59ED465B96}.Release|Any CPU.ActiveCfg = Release|Any CPU
		{9C05DB25-0E6D-4308-9FCB-DD59ED465B96}.Release|Any CPU.Build.0 = Release|Any CPU
	EndGlobalSection
	GlobalSection(SolutionProperties) = preSolution
		HideSolutionNode = FALSE
	EndGlobalSection
	GlobalSection(ExtensibilityGlobals) = postSolution
		SolutionGuid = {35CEA8A7-4E9F-4A75-BE00-AE7EBA3F1C54}
	EndGlobalSection
EndGlobal
