
Microsoft Visual Studio Solution File, Format Version 12.00
# Visual Studio Version 16
VisualStudioVersion = 16.0.31613.86
MinimumVisualStudioVersion = 10.0.40219.1
Project("{FAE04EC0-301F-11D3-BF4B-00C04F79EFBC}") = "Switch Case", "Switch Case.csproj", "{5D93DFC6-9212-4AB7-8E19-9E56416B4060}"
EndProject
Global
	GlobalSection(SolutionConfigurationPlatforms) = preSolution
		Debug|Any CPU = Debug|Any CPU
		Release|Any CPU = Release|Any CPU
	EndGlobalSection
	GlobalSection(ProjectConfigurationPlatforms) = postSolution
		{5D93DFC6-9212-4AB7-8E19-9E56416B4060}.Debug|Any CPU.ActiveCfg = Debug|Any CPU
		{5D93DFC6-9212-4AB7-8E19-9E56416B4060}.Debug|Any CPU.Build.0 = Debug|Any CPU
		{5D93DFC6-9212-4AB7-8E19-9E56416B4060}.Release|Any CPU.ActiveCfg = Release|Any CPU
		{5D93DFC6-9212-4AB7-8E19-9E56416B4060}.Release|Any CPU.Build.0 = Release|Any CPU
	EndGlobalSection
	GlobalSection(SolutionProperties) = preSolution
		HideSolutionNode = FALSE
	EndGlobalSection
	GlobalSection(ExtensibilityGlobals) = postSolution
		SolutionGuid = {F221FB54-CA52-45EA-BB04-C54ABB38ED52}
	EndGlobalSection
EndGlobal
