
Microsoft Visual Studio Solution File, Format Version 12.00
# Visual Studio Version 16
VisualStudioVersion = 16.0.31613.86
MinimumVisualStudioVersion = 10.0.40219.1
Project("{FAE04EC0-301F-11D3-BF4B-00C04F79EFBC}") = "SaidaDeDados", "SaidaDeDados\SaidaDeDados.csproj", "{EFAFA2B1-A633-4405-83E7-A333FEB49CCF}"
EndProject
Global
	GlobalSection(SolutionConfigurationPlatforms) = preSolution
		Debug|Any CPU = Debug|Any CPU
		Release|Any CPU = Release|Any CPU
	EndGlobalSection
	GlobalSection(ProjectConfigurationPlatforms) = postSolution
		{EFAFA2B1-A633-4405-83E7-A333FEB49CCF}.Debug|Any CPU.ActiveCfg = Debug|Any CPU
		{EFAFA2B1-A633-4405-83E7-A333FEB49CCF}.Debug|Any CPU.Build.0 = Debug|Any CPU
		{EFAFA2B1-A633-4405-83E7-A333FEB49CCF}.Release|Any CPU.ActiveCfg = Release|Any CPU
		{EFAFA2B1-A633-4405-83E7-A333FEB49CCF}.Release|Any CPU.Build.0 = Release|Any CPU
	EndGlobalSection
	GlobalSection(SolutionProperties) = preSolution
		HideSolutionNode = FALSE
	EndGlobalSection
	GlobalSection(ExtensibilityGlobals) = postSolution
		SolutionGuid = {69A831D1-D641-4028-BFEF-1A764D84C642}
	EndGlobalSection
EndGlobal
