
Microsoft Visual Studio Solution File, Format Version 12.00
# Visual Studio Version 16
VisualStudioVersion = 16.0.31613.86
MinimumVisualStudioVersion = 10.0.40219.1
Project("{FAE04EC0-301F-11D3-BF4B-00C04F79EFBC}") = "OperadorAritmeticos", "OperadorAritmeticos\OperadorAritmeticos.csproj", "{9B151B7C-08F2-4669-8A6A-47EE3C13F05C}"
EndProject
Global
	GlobalSection(SolutionConfigurationPlatforms) = preSolution
		Debug|Any CPU = Debug|Any CPU
		Release|Any CPU = Release|Any CPU
	EndGlobalSection
	GlobalSection(ProjectConfigurationPlatforms) = postSolution
		{9B151B7C-08F2-4669-8A6A-47EE3C13F05C}.Debug|Any CPU.ActiveCfg = Debug|Any CPU
		{9B151B7C-08F2-4669-8A6A-47EE3C13F05C}.Debug|Any CPU.Build.0 = Debug|Any CPU
		{9B151B7C-08F2-4669-8A6A-47EE3C13F05C}.Release|Any CPU.ActiveCfg = Release|Any CPU
		{9B151B7C-08F2-4669-8A6A-47EE3C13F05C}.Release|Any CPU.Build.0 = Release|Any CPU
	EndGlobalSection
	GlobalSection(SolutionProperties) = preSolution
		HideSolutionNode = FALSE
	EndGlobalSection
	GlobalSection(ExtensibilityGlobals) = postSolution
		SolutionGuid = {9429715C-FC04-4D39-9D84-FD6A278651CE}
	EndGlobalSection
EndGlobal
