
Microsoft Visual Studio Solution File, Format Version 12.00
# Visual Studio Version 16
VisualStudioVersion = 16.0.31613.86
MinimumVisualStudioVersion = 10.0.40219.1
Project("{FAE04EC0-301F-11D3-BF4B-00C04F79EFBC}") = "Usando métodos", "Usando métodos.csproj", "{206E9A31-5ED7-4E94-A235-E876181DAF76}"
EndProject
Global
	GlobalSection(SolutionConfigurationPlatforms) = preSolution
		Debug|Any CPU = Debug|Any CPU
		Release|Any CPU = Release|Any CPU
	EndGlobalSection
	GlobalSection(ProjectConfigurationPlatforms) = postSolution
		{206E9A31-5ED7-4E94-A235-E876181DAF76}.Debug|Any CPU.ActiveCfg = Debug|Any CPU
		{206E9A31-5ED7-4E94-A235-E876181DAF76}.Debug|Any CPU.Build.0 = Debug|Any CPU
		{206E9A31-5ED7-4E94-A235-E876181DAF76}.Release|Any CPU.ActiveCfg = Release|Any CPU
		{206E9A31-5ED7-4E94-A235-E876181DAF76}.Release|Any CPU.Build.0 = Release|Any CPU
	EndGlobalSection
	GlobalSection(SolutionProperties) = preSolution
		HideSolutionNode = FALSE
	EndGlobalSection
	GlobalSection(ExtensibilityGlobals) = postSolution
		SolutionGuid = {9547E806-2204-493D-8774-8CD5543A6F10}
	EndGlobalSection
EndGlobal
