
Microsoft Visual Studio Solution File, Format Version 12.00
# Visual Studio Version 16
VisualStudioVersion = 16.0.31613.86
MinimumVisualStudioVersion = 10.0.40219.1
Project("{FAE04EC0-301F-11D3-BF4B-00C04F79EFBC}") = "Exercicio1", "Exercicio1\Exercicio1.csproj", "{2AA7A7EA-2662-43B4-B22A-C81ED3DFD853}"
EndProject
Global
	GlobalSection(SolutionConfigurationPlatforms) = preSolution
		Debug|Any CPU = Debug|Any CPU
		Release|Any CPU = Release|Any CPU
	EndGlobalSection
	GlobalSection(ProjectConfigurationPlatforms) = postSolution
		{2AA7A7EA-2662-43B4-B22A-C81ED3DFD853}.Debug|Any CPU.ActiveCfg = Debug|Any CPU
		{2AA7A7EA-2662-43B4-B22A-C81ED3DFD853}.Debug|Any CPU.Build.0 = Debug|Any CPU
		{2AA7A7EA-2662-43B4-B22A-C81ED3DFD853}.Release|Any CPU.ActiveCfg = Release|Any CPU
		{2AA7A7EA-2662-43B4-B22A-C81ED3DFD853}.Release|Any CPU.Build.0 = Release|Any CPU
	EndGlobalSection
	GlobalSection(SolutionProperties) = preSolution
		HideSolutionNode = FALSE
	EndGlobalSection
	GlobalSection(ExtensibilityGlobals) = postSolution
		SolutionGuid = {D196DFDB-56FC-4351-BD74-16D86D8C8BA3}
	EndGlobalSection
EndGlobal
