
Microsoft Visual Studio Solution File, Format Version 12.00
# Visual Studio Version 16
VisualStudioVersion = 16.0.31613.86
MinimumVisualStudioVersion = 10.0.40219.1
Project("{9A19103F-16F7-4668-BE54-9A1E7A4F7556}") = "Date Time", "Date Time.csproj", "{3C54F40B-AE31-407B-A2C9-4E71FEB4893F}"
EndProject
Global
	GlobalSection(SolutionConfigurationPlatforms) = preSolution
		Debug|Any CPU = Debug|Any CPU
		Release|Any CPU = Release|Any CPU
	EndGlobalSection
	GlobalSection(ProjectConfigurationPlatforms) = postSolution
		{3C54F40B-AE31-407B-A2C9-4E71FEB4893F}.Debug|Any CPU.ActiveCfg = Debug|Any CPU
		{3C54F40B-AE31-407B-A2C9-4E71FEB4893F}.Debug|Any CPU.Build.0 = Debug|Any CPU
		{3C54F40B-AE31-407B-A2C9-4E71FEB4893F}.Release|Any CPU.ActiveCfg = Release|Any CPU
		{3C54F40B-AE31-407B-A2C9-4E71FEB4893F}.Release|Any CPU.Build.0 = Release|Any CPU
	EndGlobalSection
	GlobalSection(SolutionProperties) = preSolution
		HideSolutionNode = FALSE
	EndGlobalSection
	GlobalSection(ExtensibilityGlobals) = postSolution
		SolutionGuid = {7112FD5D-560F-4A26-912E-9BCCB0F4F389}
	EndGlobalSection
EndGlobal
