
Microsoft Visual Studio Solution File, Format Version 12.00
# Visual Studio Version 16
VisualStudioVersion = 16.0.31613.86
MinimumVisualStudioVersion = 10.0.40219.1
Project("{FAE04EC0-301F-11D3-BF4B-00C04F79EFBC}") = "Exercício 6", "Exercício 6.csproj", "{D9CE56BA-7ED8-4A18-9E20-4C75C1BABAF1}"
EndProject
Global
	GlobalSection(SolutionConfigurationPlatforms) = preSolution
		Debug|Any CPU = Debug|Any CPU
		Release|Any CPU = Release|Any CPU
	EndGlobalSection
	GlobalSection(ProjectConfigurationPlatforms) = postSolution
		{D9CE56BA-7ED8-4A18-9E20-4C75C1BABAF1}.Debug|Any CPU.ActiveCfg = Debug|Any CPU
		{D9CE56BA-7ED8-4A18-9E20-4C75C1BABAF1}.Debug|Any CPU.Build.0 = Debug|Any CPU
		{D9CE56BA-7ED8-4A18-9E20-4C75C1BABAF1}.Release|Any CPU.ActiveCfg = Release|Any CPU
		{D9CE56BA-7ED8-4A18-9E20-4C75C1BABAF1}.Release|Any CPU.Build.0 = Release|Any CPU
	EndGlobalSection
	GlobalSection(SolutionProperties) = preSolution
		HideSolutionNode = FALSE
	EndGlobalSection
	GlobalSection(ExtensibilityGlobals) = postSolution
		SolutionGuid = {CEF74C02-71B5-41D6-9AFA-AD0335BA1233}
	EndGlobalSection
EndGlobal
