
Microsoft Visual Studio Solution File, Format Version 12.00
# Visual Studio Version 16
VisualStudioVersion = 16.0.31613.86
MinimumVisualStudioVersion = 10.0.40219.1
Project("{FAE04EC0-301F-11D3-BF4B-00C04F79EFBC}") = "Exercício 2", "Exercício 2.csproj", "{94043BED-6F4B-4104-A3F5-D3877CACF072}"
EndProject
Global
	GlobalSection(SolutionConfigurationPlatforms) = preSolution
		Debug|Any CPU = Debug|Any CPU
		Release|Any CPU = Release|Any CPU
	EndGlobalSection
	GlobalSection(ProjectConfigurationPlatforms) = postSolution
		{94043BED-6F4B-4104-A3F5-D3877CACF072}.Debug|Any CPU.ActiveCfg = Debug|Any CPU
		{94043BED-6F4B-4104-A3F5-D3877CACF072}.Debug|Any CPU.Build.0 = Debug|Any CPU
		{94043BED-6F4B-4104-A3F5-D3877CACF072}.Release|Any CPU.ActiveCfg = Release|Any CPU
		{94043BED-6F4B-4104-A3F5-D3877CACF072}.Release|Any CPU.Build.0 = Release|Any CPU
	EndGlobalSection
	GlobalSection(SolutionProperties) = preSolution
		HideSolutionNode = FALSE
	EndGlobalSection
	GlobalSection(ExtensibilityGlobals) = postSolution
		SolutionGuid = {F2571E1A-5A3A-4F85-8053-E90314CFD9E5}
	EndGlobalSection
EndGlobal
