
Microsoft Visual Studio Solution File, Format Version 12.00
# Visual Studio Version 16
VisualStudioVersion = 16.0.31613.86
MinimumVisualStudioVersion = 10.0.40219.1
Project("{FAE04EC0-301F-11D3-BF4B-00C04F79EFBC}") = "Iniciar valores sem construtores", "Iniciar valores sem construtores.csproj", "{B0549434-5377-4D85-96DF-D2C35F92350F}"
EndProject
Global
	GlobalSection(SolutionConfigurationPlatforms) = preSolution
		Debug|Any CPU = Debug|Any CPU
		Release|Any CPU = Release|Any CPU
	EndGlobalSection
	GlobalSection(ProjectConfigurationPlatforms) = postSolution
		{B0549434-5377-4D85-96DF-D2C35F92350F}.Debug|Any CPU.ActiveCfg = Debug|Any CPU
		{B0549434-5377-4D85-96DF-D2C35F92350F}.Debug|Any CPU.Build.0 = Debug|Any CPU
		{B0549434-5377-4D85-96DF-D2C35F92350F}.Release|Any CPU.ActiveCfg = Release|Any CPU
		{B0549434-5377-4D85-96DF-D2C35F92350F}.Release|Any CPU.Build.0 = Release|Any CPU
	EndGlobalSection
	GlobalSection(SolutionProperties) = preSolution
		HideSolutionNode = FALSE
	EndGlobalSection
	GlobalSection(ExtensibilityGlobals) = postSolution
		SolutionGuid = {AE70C737-5A1E-46DD-AF71-4FB423E1BDC3}
	EndGlobalSection
EndGlobal
