
Microsoft Visual Studio Solution File, Format Version 12.00
# Visual Studio Version 16
VisualStudioVersion = 16.0.31613.86
MinimumVisualStudioVersion = 10.0.40219.1
Project("{FAE04EC0-301F-11D3-BF4B-00C04F79EFBC}") = "Foreach", "Foreach.csproj", "{CCAC95AC-2035-4258-9A22-20492A2FA4C0}"
EndProject
Global
	GlobalSection(SolutionConfigurationPlatforms) = preSolution
		Debug|Any CPU = Debug|Any CPU
		Release|Any CPU = Release|Any CPU
	EndGlobalSection
	GlobalSection(ProjectConfigurationPlatforms) = postSolution
		{CCAC95AC-2035-4258-9A22-20492A2FA4C0}.Debug|Any CPU.ActiveCfg = Debug|Any CPU
		{CCAC95AC-2035-4258-9A22-20492A2FA4C0}.Debug|Any CPU.Build.0 = Debug|Any CPU
		{CCAC95AC-2035-4258-9A22-20492A2FA4C0}.Release|Any CPU.ActiveCfg = Release|Any CPU
		{CCAC95AC-2035-4258-9A22-20492A2FA4C0}.Release|Any CPU.Build.0 = Release|Any CPU
	EndGlobalSection
	GlobalSection(SolutionProperties) = preSolution
		HideSolutionNode = FALSE
	EndGlobalSection
	GlobalSection(ExtensibilityGlobals) = postSolution
		SolutionGuid = {E2EB513E-E6EF-47B8-B182-7A9D222264F0}
	EndGlobalSection
EndGlobal
