
Microsoft Visual Studio Solution File, Format Version 12.00
# Visual Studio Version 16
VisualStudioVersion = 16.0.31613.86
MinimumVisualStudioVersion = 10.0.40219.1
Project("{FAE04EC0-301F-11D3-BF4B-00C04F79EFBC}") = "Propriedades DateTime", "Propriedades DateTime.csproj", "{44B0A7F6-14DC-434D-9E91-608852A5DE1B}"
EndProject
Global
	GlobalSection(SolutionConfigurationPlatforms) = preSolution
		Debug|Any CPU = Debug|Any CPU
		Release|Any CPU = Release|Any CPU
	EndGlobalSection
	GlobalSection(ProjectConfigurationPlatforms) = postSolution
		{44B0A7F6-14DC-434D-9E91-608852A5DE1B}.Debug|Any CPU.ActiveCfg = Debug|Any CPU
		{44B0A7F6-14DC-434D-9E91-608852A5DE1B}.Debug|Any CPU.Build.0 = Debug|Any CPU
		{44B0A7F6-14DC-434D-9E91-608852A5DE1B}.Release|Any CPU.ActiveCfg = Release|Any CPU
		{44B0A7F6-14DC-434D-9E91-608852A5DE1B}.Release|Any CPU.Build.0 = Release|Any CPU
	EndGlobalSection
	GlobalSection(SolutionProperties) = preSolution
		HideSolutionNode = FALSE
	EndGlobalSection
	GlobalSection(ExtensibilityGlobals) = postSolution
		SolutionGuid = {DCEE524A-9D35-4B90-B73D-D8DFCC8BBB19}
	EndGlobalSection
EndGlobal
