
Microsoft Visual Studio Solution File, Format Version 12.00
# Visual Studio Version 16
VisualStudioVersion = 16.0.31613.86
MinimumVisualStudioVersion = 10.0.40219.1
Project("{FAE04EC0-301F-11D3-BF4B-00C04F79EFBC}") = "Exercício 4", "Exercício 4.csproj", "{1343EA12-06F7-4530-8679-4278D60CE746}"
EndProject
Global
	GlobalSection(SolutionConfigurationPlatforms) = preSolution
		Debug|Any CPU = Debug|Any CPU
		Release|Any CPU = Release|Any CPU
	EndGlobalSection
	GlobalSection(ProjectConfigurationPlatforms) = postSolution
		{1343EA12-06F7-4530-8679-4278D60CE746}.Debug|Any CPU.ActiveCfg = Debug|Any CPU
		{1343EA12-06F7-4530-8679-4278D60CE746}.Debug|Any CPU.Build.0 = Debug|Any CPU
		{1343EA12-06F7-4530-8679-4278D60CE746}.Release|Any CPU.ActiveCfg = Release|Any CPU
		{1343EA12-06F7-4530-8679-4278D60CE746}.Release|Any CPU.Build.0 = Release|Any CPU
	EndGlobalSection
	GlobalSection(SolutionProperties) = preSolution
		HideSolutionNode = FALSE
	EndGlobalSection
	GlobalSection(ExtensibilityGlobals) = postSolution
		SolutionGuid = {1E0C839B-C6D3-4F1B-B591-56E25F3C259C}
	EndGlobalSection
EndGlobal
