
Microsoft Visual Studio Solution File, Format Version 12.00
# Visual Studio Version 16
VisualStudioVersion = 16.0.31613.86
MinimumVisualStudioVersion = 10.0.40219.1
Project("{FAE04EC0-301F-11D3-BF4B-00C04F79EFBC}") = "Exercício 3", "Exercício 3.csproj", "{8A5A9D27-7871-4ECB-BB1D-F6BE31C7CA4F}"
EndProject
Global
	GlobalSection(SolutionConfigurationPlatforms) = preSolution
		Debug|Any CPU = Debug|Any CPU
		Release|Any CPU = Release|Any CPU
	EndGlobalSection
	GlobalSection(ProjectConfigurationPlatforms) = postSolution
		{8A5A9D27-7871-4ECB-BB1D-F6BE31C7CA4F}.Debug|Any CPU.ActiveCfg = Debug|Any CPU
		{8A5A9D27-7871-4ECB-BB1D-F6BE31C7CA4F}.Debug|Any CPU.Build.0 = Debug|Any CPU
		{8A5A9D27-7871-4ECB-BB1D-F6BE31C7CA4F}.Release|Any CPU.ActiveCfg = Release|Any CPU
		{8A5A9D27-7871-4ECB-BB1D-F6BE31C7CA4F}.Release|Any CPU.Build.0 = Release|Any CPU
	EndGlobalSection
	GlobalSection(SolutionProperties) = preSolution
		HideSolutionNode = FALSE
	EndGlobalSection
	GlobalSection(ExtensibilityGlobals) = postSolution
		SolutionGuid = {F8B3B8EB-A4CC-48D9-92F8-EB6F468514FE}
	EndGlobalSection
EndGlobal
