
Microsoft Visual Studio Solution File, Format Version 12.00
# Visual Studio Version 16
VisualStudioVersion = 16.0.31613.86
MinimumVisualStudioVersion = 10.0.40219.1
Project("{FAE04EC0-301F-11D3-BF4B-00C04F79EFBC}") = "Exercicio 1", "Exercicio 1.csproj", "{B9A4AE68-3B0C-44A6-A858-3446B28A65C2}"
EndProject
Global
	GlobalSection(SolutionConfigurationPlatforms) = preSolution
		Debug|Any CPU = Debug|Any CPU
		Release|Any CPU = Release|Any CPU
	EndGlobalSection
	GlobalSection(ProjectConfigurationPlatforms) = postSolution
		{B9A4AE68-3B0C-44A6-A858-3446B28A65C2}.Debug|Any CPU.ActiveCfg = Debug|Any CPU
		{B9A4AE68-3B0C-44A6-A858-3446B28A65C2}.Debug|Any CPU.Build.0 = Debug|Any CPU
		{B9A4AE68-3B0C-44A6-A858-3446B28A65C2}.Release|Any CPU.ActiveCfg = Release|Any CPU
		{B9A4AE68-3B0C-44A6-A858-3446B28A65C2}.Release|Any CPU.Build.0 = Release|Any CPU
	EndGlobalSection
	GlobalSection(SolutionProperties) = preSolution
		HideSolutionNode = FALSE
	EndGlobalSection
	GlobalSection(ExtensibilityGlobals) = postSolution
		SolutionGuid = {334DFA2F-D068-40E7-983F-5D8C7D2C7B16}
	EndGlobalSection
EndGlobal
